
Microsoft Visual Studio Solution File, Format Version 12.00
# Visual Studio Version 17
VisualStudioVersion = 17.0.31919.166
MinimumVisualStudioVersion = 10.0.40219.1
Project("{FAE04EC0-301F-11D3-BF4B-00C04F79EFBC}") = "UP", "UP\UP.csproj", "{EBBFCCE6-C87C-4C47-A1B2-0D7BF46F43A6}"
EndProject
Global
	GlobalSection(SolutionConfigurationPlatforms) = preSolution
		Debug|Any CPU = Debug|Any CPU
		Release|Any CPU = Release|Any CPU
	EndGlobalSection
	GlobalSection(ProjectConfigurationPlatforms) = postSolution
		{EBBFCCE6-C87C-4C47-A1B2-0D7BF46F43A6}.Debug|Any CPU.ActiveCfg = Debug|Any CPU
		{EBBFCCE6-C87C-4C47-A1B2-0D7BF46F43A6}.Debug|Any CPU.Build.0 = Debug|Any CPU
		{EBBFCCE6-C87C-4C47-A1B2-0D7BF46F43A6}.Release|Any CPU.ActiveCfg = Release|Any CPU
		{EBBFCCE6-C87C-4C47-A1B2-0D7BF46F43A6}.Release|Any CPU.Build.0 = Release|Any CPU
	EndGlobalSection
	GlobalSection(SolutionProperties) = preSolution
		HideSolutionNode = FALSE
	EndGlobalSection
	GlobalSection(ExtensibilityGlobals) = postSolution
		SolutionGuid = {B1AF52E3-F313-4AFA-B924-D4F7F06AAB69}
	EndGlobalSection
EndGlobal
